// !$*UTF8*$!
{
	archiveVersion = 1;
	classes = {
	};
	objectVersion = 50;
	objects = {

/* Begin PBXBuildFile section */
		A6C7C550260BF53400BCE49F /* AppDelegate.swift in Sources */ = {isa = PBXBuildFile; fileRef = A6C7C54F260BF53400BCE49F /* AppDelegate.swift */; };
		A6C7C552260BF53400BCE49F /* SceneDelegate.swift in Sources */ = {isa = PBXBuildFile; fileRef = A6C7C551260BF53400BCE49F /* SceneDelegate.swift */; };
		A6C7C554260BF53400BCE49F /* ViewController.swift in Sources */ = {isa = PBXBuildFile; fileRef = A6C7C553260BF53400BCE49F /* ViewController.swift */; };
		A6C7C557260BF53400BCE49F /* Main.storyboard in Resources */ = {isa = PBXBuildFile; fileRef = A6C7C555260BF53400BCE49F /* Main.storyboard */; };
		A6C7C559260BF53700BCE49F /* Assets.xcassets in Resources */ = {isa = PBXBuildFile; fileRef = A6C7C558260BF53700BCE49F /* Assets.xcassets */; };
		A6C7C55C260BF53700BCE49F /* LaunchScreen.storyboard in Resources */ = {isa = PBXBuildFile; fileRef = A6C7C55A260BF53700BCE49F /* LaunchScreen.storyboard */; };
/* End PBXBuildFile section */

/* Begin PBXFileReference section */
		A6C7C54C260BF53300BCE49F /* Restaurant-Guide-Swift-iOS.app */ = {isa = PBXFileReference; explicitFileType = wrapper.application; includeInIndex = 0; path = "Restaurant-Guide-Swift-iOS.app"; sourceTree = BUILT_PRODUCTS_DIR; };
		A6C7C54F260BF53400BCE49F /* AppDelegate.swift */ = {isa = PBXFileReference; lastKnownFileType = sourcecode.swift; path = AppDelegate.swift; sourceTree = "<group>"; };
		A6C7C551260BF53400BCE49F /* SceneDelegate.swift */ = {isa = PBXFileReference; lastKnownFileType = sourcecode.swift; path = SceneDelegate.swift; sourceTree = "<group>"; };
		A6C7C553260BF53400BCE49F /* ViewController.swift */ = {isa = PBXFileReference; lastKnownFileType = sourcecode.swift; path = ViewController.swift; sourceTree = "<group>"; };
		A6C7C556260BF53400BCE49F /* Base */ = {isa = PBXFileReference; lastKnownFileType = file.storyboard; name = Base; path = Base.lproj/Main.storyboard; sourceTree = "<group>"; };
		A6C7C558260BF53700BCE49F /* Assets.xcassets */ = {isa = PBXFileReference; lastKnownFileType = folder.assetcatalog; path = Assets.xcassets; sourceTree = "<group>"; };
		A6C7C55B260BF53700BCE49F /* Base */ = {isa = PBXFileReference; lastKnownFileType = file.storyboard; name = Base; path = Base.lproj/LaunchScreen.storyboard; sourceTree = "<group>"; };
		A6C7C55D260BF53700BCE49F /* Info.plist */ = {isa = PBXFileReference; lastKnownFileType = text.plist.xml; path = Info.plist; sourceTree = "<group>"; };
/* End PBXFileReference section */

/* Begin PBXFrameworksBuildPhase section */
		A6C7C549260BF53300BCE49F /* Frameworks */ = {
			isa = PBXFrameworksBuildPhase;
			buildActionMask = 2147483647;
			files = (
			);
			runOnlyForDeploymentPostprocessing = 0;
		};
/* End PBXFrameworksBuildPhase section */

/* Begin PBXGroup section */
		A6C7C543260BF53300BCE49F = {
			isa = PBXGroup;
			children = (
				A6C7C54E260BF53300BCE49F /* Restaurant-Guide-Swift-iOS */,
				A6C7C54D260BF53300BCE49F /* Products */,
			);
			sourceTree = "<group>";
		};
		A6C7C54D260BF53300BCE49F /* Products */ = {
			isa = PBXGroup;
			children = (
				A6C7C54C260BF53300BCE49F /* Restaurant-Guide-Swift-iOS.app */,
			);
			name = Products;
			sourceTree = "<group>";
		};
		A6C7C54E260BF53300BCE49F /* Restaurant-Guide-Swift-iOS */ = {
			isa = PBXGroup;
			children = (
				A6C7C54F260BF53400BCE49F /* AppDelegate.swift */,
				A6C7C551260BF53400BCE49F /* SceneDelegate.swift */,
				A6C7C553260BF53400BCE49F /* ViewController.swift */,
				A6C7C555260BF53400BCE49F /* Main.storyboard */,
				A6C7C558260BF53700BCE49F /* Assets.xcassets */,
				A6C7C55A260BF53700BCE49F /* LaunchScreen.storyboard */,
				A6C7C55D260BF53700BCE49F /* Info.plist */,
			);
			path = "Restaurant-Guide-Swift-iOS";
			sourceTree = "<group>";
		};
/* End PBXGroup section */

/* Begin PBXNativeTarget section */
		A6C7C54B260BF53300BCE49F /* Restaurant-Guide-Swift-iOS */ = {
			isa = PBXNativeTarget;
			buildConfigurationList = A6C7C560260BF53700BCE49F /* Build configuration list for PBXNativeTarget "Restaurant-Guide-Swift-iOS" */;
			buildPhases = (
				A6C7C548260BF53300BCE49F /* Sources */,
				A6C7C549260BF53300BCE49F /* Frameworks */,
				A6C7C54A260BF53300BCE49F /* Resources */,
			);
			buildRules = (
			);
			dependencies = (
			);
			name = "Restaurant-Guide-Swift-iOS";
			productName = "Restaurant-Guide-Swift-iOS";
			productReference = A6C7C54C260BF53300BCE49F /* Restaurant-Guide-Swift-iOS.app */;
			productType = "com.apple.product-type.application";
		};
/* End PBXNativeTarget section */

/* Begin PBXProject section */
		A6C7C544260BF53300BCE49F /* Project object */ = {
			isa = PBXProject;
			attributes = {
				LastSwiftUpdateCheck = 1230;
				LastUpgradeCheck = 1230;
				TargetAttributes = {
					A6C7C54B260BF53300BCE49F = {
						CreatedOnToolsVersion = 12.3;
					};
				};
			};
			buildConfigurationList = A6C7C547260BF53300BCE49F /* Build configuration list for PBXProject "Restaurant-Guide-Swift-iOS" */;
			compatibilityVersion = "Xcode 9.3";
			developmentRegion = en;
			hasScannedForEncodings = 0;
			knownRegions = (
				en,
				Base,
			);
			mainGroup = A6C7C543260BF53300BCE49F;
			productRefGroup = A6C7C54D260BF53300BCE49F /* Products */;
			projectDirPath = "";
			projectRoot = "";
			targets = (
				A6C7C54B260BF53300BCE49F /* Restaurant-Guide-Swift-iOS */,
			);
		};
/* End PBXProject section */

/* Begin PBXResourcesBuildPhase section */
		A6C7C54A260BF53300BCE49F /* Resources */ = {
			isa = PBXResourcesBuildPhase;
			buildActionMask = 2147483647;
			files = (
				A6C7C55C260BF53700BCE49F /* LaunchScreen.storyboard in Resources */,
				A6C7C559260BF53700BCE49F /* Assets.xcassets in Resources */,
				A6C7C557260BF53400BCE49F /* Main.storyboard in Resources */,
			);
			runOnlyForDeploymentPostprocessing = 0;
		};
/* End PBXResourcesBuildPhase section */

/* Begin PBXSourcesBuildPhase section */
		A6C7C548260BF53300BCE49F /* Sources */ = {
			isa = PBXSourcesBuildPhase;
			buildActionMask = 2147483647;
			files = (
				A6C7C554260BF53400BCE49F /* ViewController.swift in Sources */,
				A6C7C550260BF53400BCE49F /* AppDelegate.swift in Sources */,
				A6C7C552260BF53400BCE49F /* SceneDelegate.swift in Sources */,
			);
			runOnlyForDeploymentPostprocessing = 0;
		};
/* End PBXSourcesBuildPhase section */

/* Begin PBXVariantGroup section */
		A6C7C555260BF53400BCE49F /* Main.storyboard */ = {
			isa = PBXVariantGroup;
			children = (
				A6C7C556260BF53400BCE49F /* Base */,
			);
			name = Main.storyboard;
			sourceTree = "<group>";
		};
		A6C7C55A260BF53700BCE49F /* LaunchScreen.storyboard */ = {
			isa = PBXVariantGroup;
			children = (
				A6C7C55B260BF53700BCE49F /* Base */,
			);
			name = LaunchScreen.storyboard;
			sourceTree = "<group>";
		};
/* End PBXVariantGroup section */

/* Begin XCBuildConfiguration section */
		A6C7C55E260BF53700BCE49F /* Debug */ = {
			isa = XCBuildConfiguration;
			buildSettings = {
				ALWAYS_SEARCH_USER_PATHS = NO;
				CLANG_ANALYZER_NONNULL = YES;
				CLANG_ANALYZER_NUMBER_OBJECT_CONVERSION = YES_AGGRESSIVE;
				CLANG_CXX_LANGUAGE_STANDARD = "gnu++14";
				CLANG_CXX_LIBRARY = "libc++";
				CLANG_ENABLE_MODULES = YES;
				CLANG_ENABLE_OBJC_ARC = YES;
				CLANG_ENABLE_OBJC_WEAK = YES;
				CLANG_WARN_BLOCK_CAPTURE_AUTORELEASING = YES;
				CLANG_WARN_BOOL_CONVERSION = YES;
				CLANG_WARN_COMMA = YES;
				CLANG_WARN_CONSTANT_CONVERSION = YES;
				CLANG_WARN_DEPRECATED_OBJC_IMPLEMENTATIONS = YES;
				CLANG_WARN_DIRECT_OBJC_ISA_USAGE = YES_ERROR;
				CLANG_WARN_DOCUMENTATION_COMMENTS = YES;
				CLANG_WARN_EMPTY_BODY = YES;
				CLANG_WARN_ENUM_CONVERSION = YES;
				CLANG_WARN_INFINITE_RECURSION = YES;
				CLANG_WARN_INT_CONVERSION = YES;
				CLANG_WARN_NON_LITERAL_NULL_CONVERSION = YES;
				CLANG_WARN_OBJC_IMPLICIT_RETAIN_SELF = YES;
				CLANG_WARN_OBJC_LITERAL_CONVERSION = YES;
				CLANG_WARN_OBJC_ROOT_CLASS = YES_ERROR;
				CLANG_WARN_QUOTED_INCLUDE_IN_FRAMEWORK_HEADER = YES;
				CLANG_WARN_RANGE_LOOP_ANALYSIS = YES;
				CLANG_WARN_STRICT_PROTOTYPES = YES;
				CLANG_WARN_SUSPICIOUS_MOVE = YES;
				CLANG_WARN_UNGUARDED_AVAILABILITY = YES_AGGRESSIVE;
				CLANG_WARN_UNREACHABLE_CODE = YES;
				CLANG_WARN__DUPLICATE_METHOD_MATCH = YES;
				COPY_PHASE_STRIP = NO;
				DEBUG_INFORMATION_FORMAT = dwarf;
				ENABLE_STRICT_OBJC_MSGSEND = YES;
				ENABLE_TESTABILITY = YES;
				GCC_C_LANGUAGE_STANDARD = gnu11;
				GCC_DYNAMIC_NO_PIC = NO;
				GCC_NO_COMMON_BLOCKS = YES;
				GCC_OPTIMIZATION_LEVEL = 0;
				GCC_PREPROCESSOR_DEFINITIONS = (
					"DEBUG=1",
					"$(inherited)",
				);
				GCC_WARN_64_TO_32_BIT_CONVERSION = YES;
				GCC_WARN_ABOUT_RETURN_TYPE = YES_ERROR;
				GCC_WARN_UNDECLARED_SELECTOR = YES;
				GCC_WARN_UNINITIALIZED_AUTOS = YES_AGGRESSIVE;
				GCC_WARN_UNUSED_FUNCTION = YES;
				GCC_WARN_UNUSED_VARIABLE = YES;
				IPHONEOS_DEPLOYMENT_TARGET = 14.3;
				MTL_ENABLE_DEBUG_INFO = INCLUDE_SOURCE;
				MTL_FAST_MATH = YES;
				ONLY_ACTIVE_ARCH = YES;
				SDKROOT = iphoneos;
				SWIFT_ACTIVE_COMPILATION_CONDITIONS = DEBUG;
				SWIFT_OPTIMIZATION_LEVEL = "-Onone";
			};
			name = Debug;
		};
		A6C7C55F260BF53700BCE49F /* Release */ = {
			isa = XCBuildConfiguration;
			buildSettings = {
				ALWAYS_SEARCH_USER_PATHS = NO;
				CLANG_ANALYZER_NONNULL = YES;
				CLANG_ANALYZER_NUMBER_OBJECT_CONVERSION = YES_AGGRESSIVE;
				CLANG_CXX_LANGUAGE_STANDARD = "gnu++14";
				CLANG_CXX_LIBRARY = "libc++";
				CLANG_ENABLE_MODULES = YES;
				CLANG_ENABLE_OBJC_ARC = YES;
				CLANG_ENABLE_OBJC_WEAK = YES;
				CLANG_WARN_BLOCK_CAPTURE_AUTORELEASING = YES;
				CLANG_WARN_BOOL_CONVERSION = YES;
				CLANG_WARN_COMMA = YES;
				CLANG_WARN_CONSTANT_CONVERSION = YES;
				CLANG_WARN_DEPRECATED_OBJC_IMPLEMENTATIONS = YES;
				CLANG_WARN_DIRECT_OBJC_ISA_USAGE = YES_ERROR;
				CLANG_WARN_DOCUMENTATION_COMMENTS = YES;
				CLANG_WARN_EMPTY_BODY = YES;
				CLANG_WARN_ENUM_CONVERSION = YES;
				CLANG_WARN_INFINITE_RECURSION = YES;
				CLANG_WARN_INT_CONVERSION = YES;
				CLANG_WARN_NON_LITERAL_NULL_CONVERSION = YES;
				CLANG_WARN_OBJC_IMPLICIT_RETAIN_SELF = YES;
				CLANG_WARN_OBJC_LITERAL_CONVERSION = YES;
				CLANG_WARN_OBJC_ROOT_CLASS = YES_ERROR;
				CLANG_WARN_QUOTED_INCLUDE_IN_FRAMEWORK_HEADER = YES;
				CLANG_WARN_RANGE_LOOP_ANALYSIS = YES;
				CLANG_WARN_STRICT_PROTOTYPES = YES;
				CLANG_WARN_SUSPICIOUS_MOVE = YES;
				CLANG_WARN_UNGUARDED_AVAILABILITY = YES_AGGRESSIVE;
				CLANG_WARN_UNREACHABLE_CODE = YES;
				CLANG_WARN__DUPLICATE_METHOD_MATCH = YES;
				COPY_PHASE_STRIP = NO;
				DEBUG_INFORMATION_FORMAT = "dwarf-with-dsym";
				ENABLE_NS_ASSERTIONS = NO;
				ENABLE_STRICT_OBJC_MSGSEND = YES;
				GCC_C_LANGUAGE_STANDARD = gnu11;
				GCC_NO_COMMON_BLOCKS = YES;
				GCC_WARN_64_TO_32_BIT_CONVERSION = YES;
				GCC_WARN_ABOUT_RETURN_TYPE = YES_ERROR;
				GCC_WARN_UNDECLARED_SELECTOR = YES;
				GCC_WARN_UNINITIALIZED_AUTOS = YES_AGGRESSIVE;
				GCC_WARN_UNUSED_FUNCTION = YES;
				GCC_WARN_UNUSED_VARIABLE = YES;
				IPHONEOS_DEPLOYMENT_TARGET = 14.3;
				MTL_ENABLE_DEBUG_INFO = NO;
				MTL_FAST_MATH = YES;
				SDKROOT = iphoneos;
				SWIFT_COMPILATION_MODE = wholemodule;
				SWIFT_OPTIMIZATION_LEVEL = "-O";
				VALIDATE_PRODUCT = YES;
			};
			name = Release;
		};
		A6C7C561260BF53700BCE49F /* Debug */ = {
			isa = XCBuildConfiguration;
			buildSettings = {
				ASSETCATALOG_COMPILER_APPICON_NAME = AppIcon;
				ASSETCATALOG_COMPILER_GLOBAL_ACCENT_COLOR_NAME = AccentColor;
				CODE_SIGN_STYLE = Automatic;
				INFOPLIST_FILE = "Restaurant-Guide-Swift-iOS/Info.plist";
				LD_RUNPATH_SEARCH_PATHS = (
					"$(inherited)",
					"@executable_path/Frameworks",
				);
				PRODUCT_BUNDLE_IDENTIFIER = "ca.georgebrown.comp3097.Restaurant-Guide-Swift-iOS";
				PRODUCT_NAME = "$(TARGET_NAME)";
				SWIFT_VERSION = 5.0;
				TARGETED_DEVICE_FAMILY = "1,2";
			};
			name = Debug;
		};
		A6C7C562260BF53700BCE49F /* Release */ = {
			isa = XCBuildConfiguration;
			buildSettings = {
				ASSETCATALOG_COMPILER_APPICON_NAME = AppIcon;
				ASSETCATALOG_COMPILER_GLOBAL_ACCENT_COLOR_NAME = AccentColor;
				CODE_SIGN_STYLE = Automatic;
				INFOPLIST_FILE = "Restaurant-Guide-Swift-iOS/Info.plist";
				LD_RUNPATH_SEARCH_PATHS = (
					"$(inherited)",
					"@executable_path/Frameworks",
				);
				PRODUCT_BUNDLE_IDENTIFIER = "ca.georgebrown.comp3097.Restaurant-Guide-Swift-iOS";
				PRODUCT_NAME = "$(TARGET_NAME)";
				SWIFT_VERSION = 5.0;
				TARGETED_DEVICE_FAMILY = "1,2";
			};
			name = Release;
		};
/* End XCBuildConfiguration section */

/* Begin XCConfigurationList section */
		A6C7C547260BF53300BCE49F /* Build configuration list for PBXProject "Restaurant-Guide-Swift-iOS" */ = {
			isa = XCConfigurationList;
			buildConfigurations = (
				A6C7C55E260BF53700BCE49F /* Debug */,
				A6C7C55F260BF53700BCE49F /* Release */,
			);
			defaultConfigurationIsVisible = 0;
			defaultConfigurationName = Release;
		};
		A6C7C560260BF53700BCE49F /* Build configuration list for PBXNativeTarget "Restaurant-Guide-Swift-iOS" */ = {
			isa = XCConfigurationList;
			buildConfigurations = (
				A6C7C561260BF53700BCE49F /* Debug */,
				A6C7C562260BF53700BCE49F /* Release */,
			);
			defaultConfigurationIsVisible = 0;
			defaultConfigurationName = Release;
		};
/* End XCConfigurationList section */
	};
	rootObject = A6C7C544260BF53300BCE49F /* Project object */;
}
