// !$*UTF8*$!
{
	archiveVersion = 1;
	classes = {
	};
	objectVersion = 51;
	objects = {

/* Begin PBXBuildFile section */
		A6C7C550260BF53400BCE49F /* AppDelegate.swift in Sources */ = {isa = PBXBuildFile; fileRef = A6C7C54F260BF53400BCE49F /* AppDelegate.swift */; };
		A6C7C552260BF53400BCE49F /* SceneDelegate.swift in Sources */ = {isa = PBXBuildFile; fileRef = A6C7C551260BF53400BCE49F /* SceneDelegate.swift */; };
		A6C7C554260BF53400BCE49F /* ViewController.swift in Sources */ = {isa = PBXBuildFile; fileRef = A6C7C553260BF53400BCE49F /* ViewController.swift */; };
		A6C7C557260BF53400BCE49F /* Main.storyboard in Resources */ = {isa = PBXBuildFile; fileRef = A6C7C555260BF53400BCE49F /* Main.storyboard */; };
		A6C7C559260BF53700BCE49F /* Assets.xcassets in Resources */ = {isa = PBXBuildFile; fileRef = A6C7C558260BF53700BCE49F /* Assets.xcassets */; };
		A6C7C55C260BF53700BCE49F /* LaunchScreen.storyboard in Resources */ = {isa = PBXBuildFile; fileRef = A6C7C55A260BF53700BCE49F /* LaunchScreen.storyboard */; };
		A6C7C578260D1E0200BCE49F /* restoguidelogo.png in Resources */ = {isa = PBXBuildFile; fileRef = A6C7C577260D1E0200BCE49F /* restoguidelogo.png */; };
		A6C7C57D260D224000BCE49F /* Info.plist in Resources */ = {isa = PBXBuildFile; fileRef = A6C7C55D260BF53700BCE49F /* Info.plist */; };
		A6C7C582260D25A200BCE49F /* Vidaloka-Regular.ttf in Resources */ = {isa = PBXBuildFile; fileRef = A6C7C581260D25A200BCE49F /* Vidaloka-Regular.ttf */; };
		DC1ADFC8F90A773DD7859E0D /* Pods_Restaurant_Guide_Swift_iOS.framework in Frameworks */ = {isa = PBXBuildFile; fileRef = F4C898654175EF9AEC24B7E0 /* Pods_Restaurant_Guide_Swift_iOS.framework */; };
/* End PBXBuildFile section */

/* Begin PBXFileReference section */
		273527011E7BA0F703DDD9A4 /* Pods-Restaurant-Guide-Swift-iOS.release.xcconfig */ = {isa = PBXFileReference; includeInIndex = 1; lastKnownFileType = text.xcconfig; name = "Pods-Restaurant-Guide-Swift-iOS.release.xcconfig"; path = "Target Support Files/Pods-Restaurant-Guide-Swift-iOS/Pods-Restaurant-Guide-Swift-iOS.release.xcconfig"; sourceTree = "<group>"; };
		736B12D0AFBA10322F0B86F9 /* Pods-Restaurant-Guide-Swift-iOS.debug.xcconfig */ = {isa = PBXFileReference; includeInIndex = 1; lastKnownFileType = text.xcconfig; name = "Pods-Restaurant-Guide-Swift-iOS.debug.xcconfig"; path = "Target Support Files/Pods-Restaurant-Guide-Swift-iOS/Pods-Restaurant-Guide-Swift-iOS.debug.xcconfig"; sourceTree = "<group>"; };
		A6C7C54C260BF53300BCE49F /* Restaurant-Guide-Swift-iOS.app */ = {isa = PBXFileReference; explicitFileType = wrapper.application; includeInIndex = 0; path = "Restaurant-Guide-Swift-iOS.app"; sourceTree = BUILT_PRODUCTS_DIR; };
		A6C7C54F260BF53400BCE49F /* AppDelegate.swift */ = {isa = PBXFileReference; lastKnownFileType = sourcecode.swift; path = AppDelegate.swift; sourceTree = "<group>"; };
		A6C7C551260BF53400BCE49F /* SceneDelegate.swift */ = {isa = PBXFileReference; lastKnownFileType = sourcecode.swift; path = SceneDelegate.swift; sourceTree = "<group>"; };
		A6C7C553260BF53400BCE49F /* ViewController.swift */ = {isa = PBXFileReference; lastKnownFileType = sourcecode.swift; path = ViewController.swift; sourceTree = "<group>"; };
		A6C7C556260BF53400BCE49F /* Base */ = {isa = PBXFileReference; lastKnownFileType = file.storyboard; name = Base; path = Base.lproj/Main.storyboard; sourceTree = "<group>"; };
		A6C7C558260BF53700BCE49F /* Assets.xcassets */ = {isa = PBXFileReference; lastKnownFileType = folder.assetcatalog; path = Assets.xcassets; sourceTree = "<group>"; };
		A6C7C55B260BF53700BCE49F /* Base */ = {isa = PBXFileReference; lastKnownFileType = file.storyboard; name = Base; path = Base.lproj/LaunchScreen.storyboard; sourceTree = "<group>"; };
		A6C7C55D260BF53700BCE49F /* Info.plist */ = {isa = PBXFileReference; lastKnownFileType = text.plist.xml; path = Info.plist; sourceTree = "<group>"; };
		A6C7C577260D1E0200BCE49F /* restoguidelogo.png */ = {isa = PBXFileReference; lastKnownFileType = image.png; name = restoguidelogo.png; path = ../../../../../../../Users/jungan/Downloads/restoguidelogo.png; sourceTree = "<group>"; };
		A6C7C581260D25A200BCE49F /* Vidaloka-Regular.ttf */ = {isa = PBXFileReference; lastKnownFileType = file; path = "Vidaloka-Regular.ttf"; sourceTree = "<group>"; };
		F4C898654175EF9AEC24B7E0 /* Pods_Restaurant_Guide_Swift_iOS.framework */ = {isa = PBXFileReference; explicitFileType = wrapper.framework; includeInIndex = 0; path = Pods_Restaurant_Guide_Swift_iOS.framework; sourceTree = BUILT_PRODUCTS_DIR; };
/* End PBXFileReference section */

/* Begin PBXFrameworksBuildPhase section */
		A6C7C549260BF53300BCE49F /* Frameworks */ = {
			isa = PBXFrameworksBuildPhase;
			buildActionMask = 2147483647;
			files = (
				DC1ADFC8F90A773DD7859E0D /* Pods_Restaurant_Guide_Swift_iOS.framework in Frameworks */,
			);
			runOnlyForDeploymentPostprocessing = 0;
		};
/* End PBXFrameworksBuildPhase section */

/* Begin PBXGroup section */
		A6C7C543260BF53300BCE49F = {
			isa = PBXGroup;
			children = (
				A6C7C54E260BF53300BCE49F /* Restaurant-Guide-Swift-iOS */,
				A6C7C54D260BF53300BCE49F /* Products */,
				F08984EC1B506E7C2E77D5D7 /* Pods */,
				CCB59D96408F0389C0D39D49 /* Frameworks */,
			);
			sourceTree = "<group>";
		};
		A6C7C54D260BF53300BCE49F /* Products */ = {
			isa = PBXGroup;
			children = (
				A6C7C54C260BF53300BCE49F /* Restaurant-Guide-Swift-iOS.app */,
			);
			name = Products;
			sourceTree = "<group>";
		};
		A6C7C54E260BF53300BCE49F /* Restaurant-Guide-Swift-iOS */ = {
			isa = PBXGroup;
			children = (
				A6C7C577260D1E0200BCE49F /* restoguidelogo.png */,
				A6C7C54F260BF53400BCE49F /* AppDelegate.swift */,
				A6C7C551260BF53400BCE49F /* SceneDelegate.swift */,
				A6C7C553260BF53400BCE49F /* ViewController.swift */,
				A6C7C555260BF53400BCE49F /* Main.storyboard */,
				A6C7C558260BF53700BCE49F /* Assets.xcassets */,
				A6C7C55A260BF53700BCE49F /* LaunchScreen.storyboard */,
				A6C7C55D260BF53700BCE49F /* Info.plist */,
				A6C7C580260D254200BCE49F /* fonts */,
			);
			path = "Restaurant-Guide-Swift-iOS";
			sourceTree = "<group>";
		};
		A6C7C580260D254200BCE49F /* fonts */ = {
			isa = PBXGroup;
			children = (
				A6C7C581260D25A200BCE49F /* Vidaloka-Regular.ttf */,
			);
			path = fonts;
			sourceTree = "<group>";
		};
		CCB59D96408F0389C0D39D49 /* Frameworks */ = {
			isa = PBXGroup;
			children = (
				F4C898654175EF9AEC24B7E0 /* Pods_Restaurant_Guide_Swift_iOS.framework */,
			);
			name = Frameworks;
			sourceTree = "<group>";
		};
		F08984EC1B506E7C2E77D5D7 /* Pods */ = {
			isa = PBXGroup;
			children = (
				736B12D0AFBA10322F0B86F9 /* Pods-Restaurant-Guide-Swift-iOS.debug.xcconfig */,
				273527011E7BA0F703DDD9A4 /* Pods-Restaurant-Guide-Swift-iOS.release.xcconfig */,
			);
			path = Pods;
			sourceTree = "<group>";
		};
/* End PBXGroup section */

/* Begin PBXNativeTarget section */
		A6C7C54B260BF53300BCE49F /* Restaurant-Guide-Swift-iOS */ = {
			isa = PBXNativeTarget;
			buildConfigurationList = A6C7C560260BF53700BCE49F /* Build configuration list for PBXNativeTarget "Restaurant-Guide-Swift-iOS" */;
			buildPhases = (
				D80FF0799CB1BACB1CC3E46E /* [CP] Check Pods Manifest.lock */,
				A6C7C548260BF53300BCE49F /* Sources */,
				A6C7C549260BF53300BCE49F /* Frameworks */,
				A6C7C54A260BF53300BCE49F /* Resources */,
				CFC856CECE84C10158725554 /* [CP] Embed Pods Frameworks */,
			);
			buildRules = (
			);
			dependencies = (
			);
			name = "Restaurant-Guide-Swift-iOS";
			productName = "Restaurant-Guide-Swift-iOS";
			productReference = A6C7C54C260BF53300BCE49F /* Restaurant-Guide-Swift-iOS.app */;
			productType = "com.apple.product-type.application";
		};
/* End PBXNativeTarget section */

/* Begin PBXProject section */
		A6C7C544260BF53300BCE49F /* Project object */ = {
			isa = PBXProject;
			attributes = {
				LastSwiftUpdateCheck = 1230;
				LastUpgradeCheck = 1230;
				TargetAttributes = {
					A6C7C54B260BF53300BCE49F = {
						CreatedOnToolsVersion = 12.3;
					};
				};
			};
			buildConfigurationList = A6C7C547260BF53300BCE49F /* Build configuration list for PBXProject "Restaurant-Guide-Swift-iOS" */;
			compatibilityVersion = "Xcode 9.3";
			developmentRegion = en;
			hasScannedForEncodings = 0;
			knownRegions = (
				en,
				Base,
			);
			mainGroup = A6C7C543260BF53300BCE49F;
			productRefGroup = A6C7C54D260BF53300BCE49F /* Products */;
			projectDirPath = "";
			projectRoot = "";
			targets = (
				A6C7C54B260BF53300BCE49F /* Restaurant-Guide-Swift-iOS */,
			);
		};
/* End PBXProject section */

/* Begin PBXResourcesBuildPhase section */
		A6C7C54A260BF53300BCE49F /* Resources */ = {
			isa = PBXResourcesBuildPhase;
			buildActionMask = 2147483647;
			files = (
				A6C7C582260D25A200BCE49F /* Vidaloka-Regular.ttf in Resources */,
				A6C7C55C260BF53700BCE49F /* LaunchScreen.storyboard in Resources */,
				A6C7C57D260D224000BCE49F /* Info.plist in Resources */,
				A6C7C578260D1E0200BCE49F /* restoguidelogo.png in Resources */,
				A6C7C559260BF53700BCE49F /* Assets.xcassets in Resources */,
				A6C7C557260BF53400BCE49F /* Main.storyboard in Resources */,
			);
			runOnlyForDeploymentPostprocessing = 0;
		};
/* End PBXResourcesBuildPhase section */

/* Begin PBXShellScriptBuildPhase section */
		CFC856CECE84C10158725554 /* [CP] Embed Pods Frameworks */ = {
			isa = PBXShellScriptBuildPhase;
			buildActionMask = 2147483647;
			files = (
			);
			inputFileListPaths = (
				"${PODS_ROOT}/Target Support Files/Pods-Restaurant-Guide-Swift-iOS/Pods-Restaurant-Guide-Swift-iOS-frameworks-${CONFIGURATION}-input-files.xcfilelist",
			);
			name = "[CP] Embed Pods Frameworks";
			outputFileListPaths = (
				"${PODS_ROOT}/Target Support Files/Pods-Restaurant-Guide-Swift-iOS/Pods-Restaurant-Guide-Swift-iOS-frameworks-${CONFIGURATION}-output-files.xcfilelist",
			);
			runOnlyForDeploymentPostprocessing = 0;
			shellPath = /bin/sh;
			shellScript = "\"${PODS_ROOT}/Target Support Files/Pods-Restaurant-Guide-Swift-iOS/Pods-Restaurant-Guide-Swift-iOS-frameworks.sh\"\n";
			showEnvVarsInLog = 0;
		};
		D80FF0799CB1BACB1CC3E46E /* [CP] Check Pods Manifest.lock */ = {
			isa = PBXShellScriptBuildPhase;
			buildActionMask = 2147483647;
			files = (
			);
			inputFileListPaths = (
			);
			inputPaths = (
				"${PODS_PODFILE_DIR_PATH}/Podfile.lock",
				"${PODS_ROOT}/Manifest.lock",
			);
			name = "[CP] Check Pods Manifest.lock";
			outputFileListPaths = (
			);
			outputPaths = (
				"$(DERIVED_FILE_DIR)/Pods-Restaurant-Guide-Swift-iOS-checkManifestLockResult.txt",
			);
			runOnlyForDeploymentPostprocessing = 0;
			shellPath = /bin/sh;
			shellScript = "diff \"${PODS_PODFILE_DIR_PATH}/Podfile.lock\" \"${PODS_ROOT}/Manifest.lock\" > /dev/null\nif [ $? != 0 ] ; then\n    # print error to STDERR\n    echo \"error: The sandbox is not in sync with the Podfile.lock. Run 'pod install' or update your CocoaPods installation.\" >&2\n    exit 1\nfi\n# This output is used by Xcode 'outputs' to avoid re-running this script phase.\necho \"SUCCESS\" > \"${SCRIPT_OUTPUT_FILE_0}\"\n";
			showEnvVarsInLog = 0;
		};
/* End PBXShellScriptBuildPhase section */

/* Begin PBXSourcesBuildPhase section */
		A6C7C548260BF53300BCE49F /* Sources */ = {
			isa = PBXSourcesBuildPhase;
			buildActionMask = 2147483647;
			files = (
				A6C7C554260BF53400BCE49F /* ViewController.swift in Sources */,
				A6C7C550260BF53400BCE49F /* AppDelegate.swift in Sources */,
				A6C7C552260BF53400BCE49F /* SceneDelegate.swift in Sources */,
			);
			runOnlyForDeploymentPostprocessing = 0;
		};
/* End PBXSourcesBuildPhase section */

/* Begin PBXVariantGroup section */
		A6C7C555260BF53400BCE49F /* Main.storyboard */ = {
			isa = PBXVariantGroup;
			children = (
				A6C7C556260BF53400BCE49F /* Base */,
			);
			name = Main.storyboard;
			sourceTree = "<group>";
		};
		A6C7C55A260BF53700BCE49F /* LaunchScreen.storyboard */ = {
			isa = PBXVariantGroup;
			children = (
				A6C7C55B260BF53700BCE49F /* Base */,
			);
			name = LaunchScreen.storyboard;
			sourceTree = "<group>";
		};
/* End PBXVariantGroup section */

/* Begin XCBuildConfiguration section */
		A6C7C55E260BF53700BCE49F /* Debug */ = {
			isa = XCBuildConfiguration;
			buildSettings = {
				ALWAYS_SEARCH_USER_PATHS = NO;
				CLANG_ANALYZER_NONNULL = YES;
				CLANG_ANALYZER_NUMBER_OBJECT_CONVERSION = YES_AGGRESSIVE;
				CLANG_CXX_LANGUAGE_STANDARD = "gnu++14";
				CLANG_CXX_LIBRARY = "libc++";
				CLANG_ENABLE_MODULES = YES;
				CLANG_ENABLE_OBJC_ARC = YES;
				CLANG_ENABLE_OBJC_WEAK = YES;
				CLANG_WARN_BLOCK_CAPTURE_AUTORELEASING = YES;
				CLANG_WARN_BOOL_CONVERSION = YES;
				CLANG_WARN_COMMA = YES;
				CLANG_WARN_CONSTANT_CONVERSION = YES;
				CLANG_WARN_DEPRECATED_OBJC_IMPLEMENTATIONS = YES;
				CLANG_WARN_DIRECT_OBJC_ISA_USAGE = YES_ERROR;
				CLANG_WARN_DOCUMENTATION_COMMENTS = YES;
				CLANG_WARN_EMPTY_BODY = YES;
				CLANG_WARN_ENUM_CONVERSION = YES;
				CLANG_WARN_INFINITE_RECURSION = YES;
				CLANG_WARN_INT_CONVERSION = YES;
				CLANG_WARN_NON_LITERAL_NULL_CONVERSION = YES;
				CLANG_WARN_OBJC_IMPLICIT_RETAIN_SELF = YES;
				CLANG_WARN_OBJC_LITERAL_CONVERSION = YES;
				CLANG_WARN_OBJC_ROOT_CLASS = YES_ERROR;
				CLANG_WARN_QUOTED_INCLUDE_IN_FRAMEWORK_HEADER = YES;
				CLANG_WARN_RANGE_LOOP_ANALYSIS = YES;
				CLANG_WARN_STRICT_PROTOTYPES = YES;
				CLANG_WARN_SUSPICIOUS_MOVE = YES;
				CLANG_WARN_UNGUARDED_AVAILABILITY = YES_AGGRESSIVE;
				CLANG_WARN_UNREACHABLE_CODE = YES;
				CLANG_WARN__DUPLICATE_METHOD_MATCH = YES;
				COPY_PHASE_STRIP = NO;
				DEBUG_INFORMATION_FORMAT = dwarf;
				ENABLE_STRICT_OBJC_MSGSEND = YES;
				ENABLE_TESTABILITY = YES;
				GCC_C_LANGUAGE_STANDARD = gnu11;
				GCC_DYNAMIC_NO_PIC = NO;
				GCC_NO_COMMON_BLOCKS = YES;
				GCC_OPTIMIZATION_LEVEL = 0;
				GCC_PREPROCESSOR_DEFINITIONS = (
					"DEBUG=1",
					"$(inherited)",
				);
				GCC_WARN_64_TO_32_BIT_CONVERSION = YES;
				GCC_WARN_ABOUT_RETURN_TYPE = YES_ERROR;
				GCC_WARN_UNDECLARED_SELECTOR = YES;
				GCC_WARN_UNINITIALIZED_AUTOS = YES_AGGRESSIVE;
				GCC_WARN_UNUSED_FUNCTION = YES;
				GCC_WARN_UNUSED_VARIABLE = YES;
				IPHONEOS_DEPLOYMENT_TARGET = 14.3;
				MTL_ENABLE_DEBUG_INFO = INCLUDE_SOURCE;
				MTL_FAST_MATH = YES;
				ONLY_ACTIVE_ARCH = YES;
				SDKROOT = iphoneos;
				SWIFT_ACTIVE_COMPILATION_CONDITIONS = DEBUG;
				SWIFT_OPTIMIZATION_LEVEL = "-Onone";
			};
			name = Debug;
		};
		A6C7C55F260BF53700BCE49F /* Release */ = {
			isa = XCBuildConfiguration;
			buildSettings = {
				ALWAYS_SEARCH_USER_PATHS = NO;
				CLANG_ANALYZER_NONNULL = YES;
				CLANG_ANALYZER_NUMBER_OBJECT_CONVERSION = YES_AGGRESSIVE;
				CLANG_CXX_LANGUAGE_STANDARD = "gnu++14";
				CLANG_CXX_LIBRARY = "libc++";
				CLANG_ENABLE_MODULES = YES;
				CLANG_ENABLE_OBJC_ARC = YES;
				CLANG_ENABLE_OBJC_WEAK = YES;
				CLANG_WARN_BLOCK_CAPTURE_AUTORELEASING = YES;
				CLANG_WARN_BOOL_CONVERSION = YES;
				CLANG_WARN_COMMA = YES;
				CLANG_WARN_CONSTANT_CONVERSION = YES;
				CLANG_WARN_DEPRECATED_OBJC_IMPLEMENTATIONS = YES;
				CLANG_WARN_DIRECT_OBJC_ISA_USAGE = YES_ERROR;
				CLANG_WARN_DOCUMENTATION_COMMENTS = YES;
				CLANG_WARN_EMPTY_BODY = YES;
				CLANG_WARN_ENUM_CONVERSION = YES;
				CLANG_WARN_INFINITE_RECURSION = YES;
				CLANG_WARN_INT_CONVERSION = YES;
				CLANG_WARN_NON_LITERAL_NULL_CONVERSION = YES;
				CLANG_WARN_OBJC_IMPLICIT_RETAIN_SELF = YES;
				CLANG_WARN_OBJC_LITERAL_CONVERSION = YES;
				CLANG_WARN_OBJC_ROOT_CLASS = YES_ERROR;
				CLANG_WARN_QUOTED_INCLUDE_IN_FRAMEWORK_HEADER = YES;
				CLANG_WARN_RANGE_LOOP_ANALYSIS = YES;
				CLANG_WARN_STRICT_PROTOTYPES = YES;
				CLANG_WARN_SUSPICIOUS_MOVE = YES;
				CLANG_WARN_UNGUARDED_AVAILABILITY = YES_AGGRESSIVE;
				CLANG_WARN_UNREACHABLE_CODE = YES;
				CLANG_WARN__DUPLICATE_METHOD_MATCH = YES;
				COPY_PHASE_STRIP = NO;
				DEBUG_INFORMATION_FORMAT = "dwarf-with-dsym";
				ENABLE_NS_ASSERTIONS = NO;
				ENABLE_STRICT_OBJC_MSGSEND = YES;
				GCC_C_LANGUAGE_STANDARD = gnu11;
				GCC_NO_COMMON_BLOCKS = YES;
				GCC_WARN_64_TO_32_BIT_CONVERSION = YES;
				GCC_WARN_ABOUT_RETURN_TYPE = YES_ERROR;
				GCC_WARN_UNDECLARED_SELECTOR = YES;
				GCC_WARN_UNINITIALIZED_AUTOS = YES_AGGRESSIVE;
				GCC_WARN_UNUSED_FUNCTION = YES;
				GCC_WARN_UNUSED_VARIABLE = YES;
				IPHONEOS_DEPLOYMENT_TARGET = 14.3;
				MTL_ENABLE_DEBUG_INFO = NO;
				MTL_FAST_MATH = YES;
				SDKROOT = iphoneos;
				SWIFT_COMPILATION_MODE = wholemodule;
				SWIFT_OPTIMIZATION_LEVEL = "-O";
				VALIDATE_PRODUCT = YES;
			};
			name = Release;
		};
		A6C7C561260BF53700BCE49F /* Debug */ = {
			isa = XCBuildConfiguration;
			baseConfigurationReference = 736B12D0AFBA10322F0B86F9 /* Pods-Restaurant-Guide-Swift-iOS.debug.xcconfig */;
			buildSettings = {
				ASSETCATALOG_COMPILER_APPICON_NAME = AppIcon;
				ASSETCATALOG_COMPILER_GLOBAL_ACCENT_COLOR_NAME = AccentColor;
				CODE_SIGN_STYLE = Automatic;
				INFOPLIST_FILE = "Restaurant-Guide-Swift-iOS/Info.plist";
				LD_RUNPATH_SEARCH_PATHS = (
					"$(inherited)",
					"@executable_path/Frameworks",
				);
				PRODUCT_BUNDLE_IDENTIFIER = "ca.georgebrown.comp3097.Restaurant-Guide-Swift-iOS";
				PRODUCT_NAME = "$(TARGET_NAME)";
				SWIFT_VERSION = 5.0;
				TARGETED_DEVICE_FAMILY = "1,2";
			};
			name = Debug;
		};
		A6C7C562260BF53700BCE49F /* Release */ = {
			isa = XCBuildConfiguration;
			baseConfigurationReference = 273527011E7BA0F703DDD9A4 /* Pods-Restaurant-Guide-Swift-iOS.release.xcconfig */;
			buildSettings = {
				ASSETCATALOG_COMPILER_APPICON_NAME = AppIcon;
				ASSETCATALOG_COMPILER_GLOBAL_ACCENT_COLOR_NAME = AccentColor;
				CODE_SIGN_STYLE = Automatic;
				INFOPLIST_FILE = "Restaurant-Guide-Swift-iOS/Info.plist";
				LD_RUNPATH_SEARCH_PATHS = (
					"$(inherited)",
					"@executable_path/Frameworks",
				);
				PRODUCT_BUNDLE_IDENTIFIER = "ca.georgebrown.comp3097.Restaurant-Guide-Swift-iOS";
				PRODUCT_NAME = "$(TARGET_NAME)";
				SWIFT_VERSION = 5.0;
				TARGETED_DEVICE_FAMILY = "1,2";
			};
			name = Release;
		};
/* End XCBuildConfiguration section */

/* Begin XCConfigurationList section */
		A6C7C547260BF53300BCE49F /* Build configuration list for PBXProject "Restaurant-Guide-Swift-iOS" */ = {
			isa = XCConfigurationList;
			buildConfigurations = (
				A6C7C55E260BF53700BCE49F /* Debug */,
				A6C7C55F260BF53700BCE49F /* Release */,
			);
			defaultConfigurationIsVisible = 0;
			defaultConfigurationName = Release;
		};
		A6C7C560260BF53700BCE49F /* Build configuration list for PBXNativeTarget "Restaurant-Guide-Swift-iOS" */ = {
			isa = XCConfigurationList;
			buildConfigurations = (
				A6C7C561260BF53700BCE49F /* Debug */,
				A6C7C562260BF53700BCE49F /* Release */,
			);
			defaultConfigurationIsVisible = 0;
			defaultConfigurationName = Release;
		};
/* End XCConfigurationList section */
	};
	rootObject = A6C7C544260BF53300BCE49F /* Project object */;
}
